// !$*UTF8*$!
{
	archiveVersion = 1;
	classes = {
	};
	objectVersion = 56;
	objects = {

/* Begin PBXBuildFile section */
		A43BF9B42A741E3C00DCF7B8 /* AppDelegate.swift in Sources */ = {isa = PBXBuildFile; fileRef = A43BF9B32A741E3C00DCF7B8 /* AppDelegate.swift */; };
		A43BF9B62A741E3C00DCF7B8 /* SceneDelegate.swift in Sources */ = {isa = PBXBuildFile; fileRef = A43BF9B52A741E3C00DCF7B8 /* SceneDelegate.swift */; };
		A43BF9B82A741E3C00DCF7B8 /* ViewController.swift in Sources */ = {isa = PBXBuildFile; fileRef = A43BF9B72A741E3C00DCF7B8 /* ViewController.swift */; };
		A43BF9BB2A741E3C00DCF7B8 /* Main.storyboard in Resources */ = {isa = PBXBuildFile; fileRef = A43BF9B92A741E3C00DCF7B8 /* Main.storyboard */; };
		A43BF9BD2A741E3D00DCF7B8 /* Assets.xcassets in Resources */ = {isa = PBXBuildFile; fileRef = A43BF9BC2A741E3D00DCF7B8 /* Assets.xcassets */; };
		A43BF9C02A741E3D00DCF7B8 /* LaunchScreen.storyboard in Resources */ = {isa = PBXBuildFile; fileRef = A43BF9BE2A741E3D00DCF7B8 /* LaunchScreen.storyboard */; };
		A43BF9D52A7645A200DCF7B8 /* UIView+.swift in Sources */ = {isa = PBXBuildFile; fileRef = A43BF9D42A7645A200DCF7B8 /* UIView+.swift */; };
		A43BF9D72A7645AC00DCF7B8 /* ImageLiterals.swift in Sources */ = {isa = PBXBuildFile; fileRef = A43BF9D62A7645AC00DCF7B8 /* ImageLiterals.swift */; };
		A43BF9D92A7645C600DCF7B8 /* UICollectionViewRegisterable.swift in Sources */ = {isa = PBXBuildFile; fileRef = A43BF9D82A7645C600DCF7B8 /* UICollectionViewRegisterable.swift */; };
		A43BF9DB2A7645D100DCF7B8 /* UITableViewRegiseterable.swift in Sources */ = {isa = PBXBuildFile; fileRef = A43BF9DA2A7645D100DCF7B8 /* UITableViewRegiseterable.swift */; };
		A43BF9DD2A76460D00DCF7B8 /* Font.swift in Sources */ = {isa = PBXBuildFile; fileRef = A43BF9DC2A76460D00DCF7B8 /* Font.swift */; };
		A43BF9E12A76463B00DCF7B8 /* Home.swift in Sources */ = {isa = PBXBuildFile; fileRef = A43BF9E02A76463B00DCF7B8 /* Home.swift */; };
		A43BF9E32A76464000DCF7B8 /* Detail.swift in Sources */ = {isa = PBXBuildFile; fileRef = A43BF9E22A76464000DCF7B8 /* Detail.swift */; };
		A43BF9E52A76464700DCF7B8 /* Search.swift in Sources */ = {isa = PBXBuildFile; fileRef = A43BF9E42A76464700DCF7B8 /* Search.swift */; };
		A43BF9EB2A7646A900DCF7B8 /* HomeEntity.swift in Sources */ = {isa = PBXBuildFile; fileRef = A43BF9EA2A7646A900DCF7B8 /* HomeEntity.swift */; };
		A43BF9ED2A7646B000DCF7B8 /* DetailEntity.swift in Sources */ = {isa = PBXBuildFile; fileRef = A43BF9EC2A7646B000DCF7B8 /* DetailEntity.swift */; };
		A43BF9EF2A7646B800DCF7B8 /* SearchEntity.swift in Sources */ = {isa = PBXBuildFile; fileRef = A43BF9EE2A7646B800DCF7B8 /* SearchEntity.swift */; };
		A43BF9F82A7650AE00DCF7B8 /* SnapKit in Frameworks */ = {isa = PBXBuildFile; productRef = A43BF9F72A7650AE00DCF7B8 /* SnapKit */; };
		A43BF9FB2A7650B700DCF7B8 /* Then in Frameworks */ = {isa = PBXBuildFile; productRef = A43BF9FA2A7650B700DCF7B8 /* Then */; };
		A43BF9FD2A77BC1B00DCF7B8 /* NSObject+.swift in Sources */ = {isa = PBXBuildFile; fileRef = A43BF9FC2A77BC1B00DCF7B8 /* NSObject+.swift */; };
		A43BFA032A77C14E00DCF7B8 /* TabBarController.swift in Sources */ = {isa = PBXBuildFile; fileRef = A43BFA022A77C14E00DCF7B8 /* TabBarController.swift */; };
		A43BFA052A77C48900DCF7B8 /* ColorLiterals.swift in Sources */ = {isa = PBXBuildFile; fileRef = A43BFA042A77C48900DCF7B8 /* ColorLiterals.swift */; };
		A43BFA072A77C4FF00DCF7B8 /* UIColor+.swift in Sources */ = {isa = PBXBuildFile; fileRef = A43BFA062A77C4FF00DCF7B8 /* UIColor+.swift */; };
		A43BFA092A77C6B700DCF7B8 /* HomeViewController.swift in Sources */ = {isa = PBXBuildFile; fileRef = A43BFA082A77C6B700DCF7B8 /* HomeViewController.swift */; };
		A43BFA0C2A77C6E300DCF7B8 /* SearchViewController.swift in Sources */ = {isa = PBXBuildFile; fileRef = A43BFA0B2A77C6E300DCF7B8 /* SearchViewController.swift */; };
		A43BFA0E2A77C81B00DCF7B8 /* UIImage+.swift in Sources */ = {isa = PBXBuildFile; fileRef = A43BFA0D2A77C81B00DCF7B8 /* UIImage+.swift */; };
		A43BFA212A78025600DCF7B8 /* CustomNavigationBar.swift in Sources */ = {isa = PBXBuildFile; fileRef = A43BFA202A78025600DCF7B8 /* CustomNavigationBar.swift */; };
		A43BFA232A780BBB00DCF7B8 /* HomeView.swift in Sources */ = {isa = PBXBuildFile; fileRef = A43BFA222A780BBB00DCF7B8 /* HomeView.swift */; };
		A43BFA272A7813DF00DCF7B8 /* SizeLiterals.swift in Sources */ = {isa = PBXBuildFile; fileRef = A43BFA262A7813DF00DCF7B8 /* SizeLiterals.swift */; };
		A43BFA2B2A78161200DCF7B8 /* SearchView.swift in Sources */ = {isa = PBXBuildFile; fileRef = A43BFA2A2A78161200DCF7B8 /* SearchView.swift */; };
		A43BFA2F2A781AF000DCF7B8 /* DetailView.swift in Sources */ = {isa = PBXBuildFile; fileRef = A43BFA2E2A781AF000DCF7B8 /* DetailView.swift */; };
		A43BFA312A781AFE00DCF7B8 /* DetailViewController.swift in Sources */ = {isa = PBXBuildFile; fileRef = A43BFA302A781AFE00DCF7B8 /* DetailViewController.swift */; };
		A43BFA332A78BED000DCF7B8 /* TabBarItem.swift in Sources */ = {isa = PBXBuildFile; fileRef = A43BFA322A78BED000DCF7B8 /* TabBarItem.swift */; };
		A43BFA3B2A7956D300DCF7B8 /* RecommendViewController.swift in Sources */ = {isa = PBXBuildFile; fileRef = A43BFA3A2A7956D300DCF7B8 /* RecommendViewController.swift */; };
		A43BFA3D2A7956DD00DCF7B8 /* NewItemViewController.swift in Sources */ = {isa = PBXBuildFile; fileRef = A43BFA3C2A7956DD00DCF7B8 /* NewItemViewController.swift */; };
		A43BFA3F2A7956ED00DCF7B8 /* BestItemViewController.swift in Sources */ = {isa = PBXBuildFile; fileRef = A43BFA3E2A7956ED00DCF7B8 /* BestItemViewController.swift */; };
		A43BFA412A7956F700DCF7B8 /* ShoppingViewController.swift in Sources */ = {isa = PBXBuildFile; fileRef = A43BFA402A7956F700DCF7B8 /* ShoppingViewController.swift */; };
		A43BFA432A79571A00DCF7B8 /* BenefitViewController.swift in Sources */ = {isa = PBXBuildFile; fileRef = A43BFA422A79571A00DCF7B8 /* BenefitViewController.swift */; };
		A43BFA452A7958C700DCF7B8 /* HomeMenu.swift in Sources */ = {isa = PBXBuildFile; fileRef = A43BFA442A7958C700DCF7B8 /* HomeMenu.swift */; };
		A43BFA482A79594E00DCF7B8 /* HomeMenuItem.swift in Sources */ = {isa = PBXBuildFile; fileRef = A43BFA472A79594E00DCF7B8 /* HomeMenuItem.swift */; };
		A43BFA4A2A795C4900DCF7B8 /* HomeMenuCollectionViewCell.swift in Sources */ = {isa = PBXBuildFile; fileRef = A43BFA492A795C4900DCF7B8 /* HomeMenuCollectionViewCell.swift */; };
		A43BFA4C2A7966CB00DCF7B8 /* String+.swift in Sources */ = {isa = PBXBuildFile; fileRef = A43BFA4B2A7966CB00DCF7B8 /* String+.swift */; };
		A43BFA532A7BA12300DCF7B8 /* RecommendView.swift in Sources */ = {isa = PBXBuildFile; fileRef = A43BFA522A7BA12300DCF7B8 /* RecommendView.swift */; };
		A43BFA572A7BFBFB00DCF7B8 /* MainBannerCollectionViewCell.swift in Sources */ = {isa = PBXBuildFile; fileRef = A43BFA562A7BFBFB00DCF7B8 /* MainBannerCollectionViewCell.swift */; };
		A43BFA592A7C0C2E00DCF7B8 /* RecommendCollectionViewCell.swift in Sources */ = {isa = PBXBuildFile; fileRef = A43BFA582A7C0C2E00DCF7B8 /* RecommendCollectionViewCell.swift */; };
		A43BFA5D2A7E2D6C00DCF7B8 /* Int+.swift in Sources */ = {isa = PBXBuildFile; fileRef = A43BFA5C2A7E2D6C00DCF7B8 /* Int+.swift */; };
		A43BFA5F2A7E30D900DCF7B8 /* HeaderCollectionReusableView.swift in Sources */ = {isa = PBXBuildFile; fileRef = A43BFA5E2A7E30D900DCF7B8 /* HeaderCollectionReusableView.swift */; };
		A43BFA612A7E446800DCF7B8 /* SmallBannerCollectionViewCell.swift in Sources */ = {isa = PBXBuildFile; fileRef = A43BFA602A7E446800DCF7B8 /* SmallBannerCollectionViewCell.swift */; };
		A43BFA632A7E4BDB00DCF7B8 /* SaleCollectionViewCell.swift in Sources */ = {isa = PBXBuildFile; fileRef = A43BFA622A7E4BDB00DCF7B8 /* SaleCollectionViewCell.swift */; };
		A43BFA652A7E4D7F00DCF7B8 /* SaleEntity.swift in Sources */ = {isa = PBXBuildFile; fileRef = A43BFA642A7E4D7F00DCF7B8 /* SaleEntity.swift */; };
/* End PBXBuildFile section */

/* Begin PBXFileReference section */
		A43BF9B02A741E3C00DCF7B8 /* MarketKurly-iOS.app */ = {isa = PBXFileReference; explicitFileType = wrapper.application; includeInIndex = 0; path = "MarketKurly-iOS.app"; sourceTree = BUILT_PRODUCTS_DIR; };
		A43BF9B32A741E3C00DCF7B8 /* AppDelegate.swift */ = {isa = PBXFileReference; lastKnownFileType = sourcecode.swift; path = AppDelegate.swift; sourceTree = "<group>"; };
		A43BF9B52A741E3C00DCF7B8 /* SceneDelegate.swift */ = {isa = PBXFileReference; lastKnownFileType = sourcecode.swift; path = SceneDelegate.swift; sourceTree = "<group>"; };
		A43BF9B72A741E3C00DCF7B8 /* ViewController.swift */ = {isa = PBXFileReference; lastKnownFileType = sourcecode.swift; path = ViewController.swift; sourceTree = "<group>"; };
		A43BF9BA2A741E3C00DCF7B8 /* Base */ = {isa = PBXFileReference; lastKnownFileType = file.storyboard; name = Base; path = Base.lproj/Main.storyboard; sourceTree = "<group>"; };
		A43BF9BC2A741E3D00DCF7B8 /* Assets.xcassets */ = {isa = PBXFileReference; lastKnownFileType = folder.assetcatalog; path = Assets.xcassets; sourceTree = "<group>"; };
		A43BF9BF2A741E3D00DCF7B8 /* Base */ = {isa = PBXFileReference; lastKnownFileType = file.storyboard; name = Base; path = Base.lproj/LaunchScreen.storyboard; sourceTree = "<group>"; };
		A43BF9C12A741E3D00DCF7B8 /* Info.plist */ = {isa = PBXFileReference; lastKnownFileType = text.plist.xml; path = Info.plist; sourceTree = "<group>"; };
		A43BF9D42A7645A200DCF7B8 /* UIView+.swift */ = {isa = PBXFileReference; lastKnownFileType = sourcecode.swift; path = "UIView+.swift"; sourceTree = "<group>"; };
		A43BF9D62A7645AC00DCF7B8 /* ImageLiterals.swift */ = {isa = PBXFileReference; lastKnownFileType = sourcecode.swift; path = ImageLiterals.swift; sourceTree = "<group>"; };
		A43BF9D82A7645C600DCF7B8 /* UICollectionViewRegisterable.swift */ = {isa = PBXFileReference; lastKnownFileType = sourcecode.swift; path = UICollectionViewRegisterable.swift; sourceTree = "<group>"; };
		A43BF9DA2A7645D100DCF7B8 /* UITableViewRegiseterable.swift */ = {isa = PBXFileReference; lastKnownFileType = sourcecode.swift; path = UITableViewRegiseterable.swift; sourceTree = "<group>"; };
		A43BF9DC2A76460D00DCF7B8 /* Font.swift */ = {isa = PBXFileReference; lastKnownFileType = sourcecode.swift; path = Font.swift; sourceTree = "<group>"; };
		A43BF9E02A76463B00DCF7B8 /* Home.swift */ = {isa = PBXFileReference; lastKnownFileType = sourcecode.swift; path = Home.swift; sourceTree = "<group>"; };
		A43BF9E22A76464000DCF7B8 /* Detail.swift */ = {isa = PBXFileReference; lastKnownFileType = sourcecode.swift; path = Detail.swift; sourceTree = "<group>"; };
		A43BF9E42A76464700DCF7B8 /* Search.swift */ = {isa = PBXFileReference; lastKnownFileType = sourcecode.swift; path = Search.swift; sourceTree = "<group>"; };
		A43BF9EA2A7646A900DCF7B8 /* HomeEntity.swift */ = {isa = PBXFileReference; lastKnownFileType = sourcecode.swift; path = HomeEntity.swift; sourceTree = "<group>"; };
		A43BF9EC2A7646B000DCF7B8 /* DetailEntity.swift */ = {isa = PBXFileReference; lastKnownFileType = sourcecode.swift; path = DetailEntity.swift; sourceTree = "<group>"; };
		A43BF9EE2A7646B800DCF7B8 /* SearchEntity.swift */ = {isa = PBXFileReference; lastKnownFileType = sourcecode.swift; path = SearchEntity.swift; sourceTree = "<group>"; };
		A43BF9FC2A77BC1B00DCF7B8 /* NSObject+.swift */ = {isa = PBXFileReference; lastKnownFileType = sourcecode.swift; path = "NSObject+.swift"; sourceTree = "<group>"; };
		A43BFA022A77C14E00DCF7B8 /* TabBarController.swift */ = {isa = PBXFileReference; lastKnownFileType = sourcecode.swift; path = TabBarController.swift; sourceTree = "<group>"; };
		A43BFA042A77C48900DCF7B8 /* ColorLiterals.swift */ = {isa = PBXFileReference; lastKnownFileType = sourcecode.swift; path = ColorLiterals.swift; sourceTree = "<group>"; };
		A43BFA062A77C4FF00DCF7B8 /* UIColor+.swift */ = {isa = PBXFileReference; lastKnownFileType = sourcecode.swift; path = "UIColor+.swift"; sourceTree = "<group>"; };
		A43BFA082A77C6B700DCF7B8 /* HomeViewController.swift */ = {isa = PBXFileReference; lastKnownFileType = sourcecode.swift; path = HomeViewController.swift; sourceTree = "<group>"; };
		A43BFA0B2A77C6E300DCF7B8 /* SearchViewController.swift */ = {isa = PBXFileReference; lastKnownFileType = sourcecode.swift; path = SearchViewController.swift; sourceTree = "<group>"; };
		A43BFA0D2A77C81B00DCF7B8 /* UIImage+.swift */ = {isa = PBXFileReference; lastKnownFileType = sourcecode.swift; path = "UIImage+.swift"; sourceTree = "<group>"; };
		A43BFA202A78025600DCF7B8 /* CustomNavigationBar.swift */ = {isa = PBXFileReference; lastKnownFileType = sourcecode.swift; path = CustomNavigationBar.swift; sourceTree = "<group>"; };
		A43BFA222A780BBB00DCF7B8 /* HomeView.swift */ = {isa = PBXFileReference; lastKnownFileType = sourcecode.swift; path = HomeView.swift; sourceTree = "<group>"; };
		A43BFA262A7813DF00DCF7B8 /* SizeLiterals.swift */ = {isa = PBXFileReference; lastKnownFileType = sourcecode.swift; path = SizeLiterals.swift; sourceTree = "<group>"; };
		A43BFA2A2A78161200DCF7B8 /* SearchView.swift */ = {isa = PBXFileReference; lastKnownFileType = sourcecode.swift; path = SearchView.swift; sourceTree = "<group>"; };
		A43BFA2E2A781AF000DCF7B8 /* DetailView.swift */ = {isa = PBXFileReference; lastKnownFileType = sourcecode.swift; path = DetailView.swift; sourceTree = "<group>"; };
		A43BFA302A781AFE00DCF7B8 /* DetailViewController.swift */ = {isa = PBXFileReference; lastKnownFileType = sourcecode.swift; path = DetailViewController.swift; sourceTree = "<group>"; };
		A43BFA322A78BED000DCF7B8 /* TabBarItem.swift */ = {isa = PBXFileReference; lastKnownFileType = sourcecode.swift; path = TabBarItem.swift; sourceTree = "<group>"; };
		A43BFA3A2A7956D300DCF7B8 /* RecommendViewController.swift */ = {isa = PBXFileReference; lastKnownFileType = sourcecode.swift; path = RecommendViewController.swift; sourceTree = "<group>"; };
		A43BFA3C2A7956DD00DCF7B8 /* NewItemViewController.swift */ = {isa = PBXFileReference; lastKnownFileType = sourcecode.swift; path = NewItemViewController.swift; sourceTree = "<group>"; };
		A43BFA3E2A7956ED00DCF7B8 /* BestItemViewController.swift */ = {isa = PBXFileReference; lastKnownFileType = sourcecode.swift; path = BestItemViewController.swift; sourceTree = "<group>"; };
		A43BFA402A7956F700DCF7B8 /* ShoppingViewController.swift */ = {isa = PBXFileReference; lastKnownFileType = sourcecode.swift; path = ShoppingViewController.swift; sourceTree = "<group>"; };
		A43BFA422A79571A00DCF7B8 /* BenefitViewController.swift */ = {isa = PBXFileReference; lastKnownFileType = sourcecode.swift; path = BenefitViewController.swift; sourceTree = "<group>"; };
		A43BFA442A7958C700DCF7B8 /* HomeMenu.swift */ = {isa = PBXFileReference; lastKnownFileType = sourcecode.swift; path = HomeMenu.swift; sourceTree = "<group>"; };
		A43BFA472A79594E00DCF7B8 /* HomeMenuItem.swift */ = {isa = PBXFileReference; lastKnownFileType = sourcecode.swift; path = HomeMenuItem.swift; sourceTree = "<group>"; };
		A43BFA492A795C4900DCF7B8 /* HomeMenuCollectionViewCell.swift */ = {isa = PBXFileReference; lastKnownFileType = sourcecode.swift; path = HomeMenuCollectionViewCell.swift; sourceTree = "<group>"; };
		A43BFA4B2A7966CB00DCF7B8 /* String+.swift */ = {isa = PBXFileReference; lastKnownFileType = sourcecode.swift; path = "String+.swift"; sourceTree = "<group>"; };
		A43BFA522A7BA12300DCF7B8 /* RecommendView.swift */ = {isa = PBXFileReference; lastKnownFileType = sourcecode.swift; path = RecommendView.swift; sourceTree = "<group>"; };
		A43BFA562A7BFBFB00DCF7B8 /* MainBannerCollectionViewCell.swift */ = {isa = PBXFileReference; lastKnownFileType = sourcecode.swift; path = MainBannerCollectionViewCell.swift; sourceTree = "<group>"; };
		A43BFA582A7C0C2E00DCF7B8 /* RecommendCollectionViewCell.swift */ = {isa = PBXFileReference; lastKnownFileType = sourcecode.swift; path = RecommendCollectionViewCell.swift; sourceTree = "<group>"; };
		A43BFA5C2A7E2D6C00DCF7B8 /* Int+.swift */ = {isa = PBXFileReference; lastKnownFileType = sourcecode.swift; path = "Int+.swift"; sourceTree = "<group>"; };
		A43BFA5E2A7E30D900DCF7B8 /* HeaderCollectionReusableView.swift */ = {isa = PBXFileReference; lastKnownFileType = sourcecode.swift; path = HeaderCollectionReusableView.swift; sourceTree = "<group>"; };
		A43BFA602A7E446800DCF7B8 /* SmallBannerCollectionViewCell.swift */ = {isa = PBXFileReference; lastKnownFileType = sourcecode.swift; path = SmallBannerCollectionViewCell.swift; sourceTree = "<group>"; };
		A43BFA622A7E4BDB00DCF7B8 /* SaleCollectionViewCell.swift */ = {isa = PBXFileReference; lastKnownFileType = sourcecode.swift; path = SaleCollectionViewCell.swift; sourceTree = "<group>"; };
		A43BFA642A7E4D7F00DCF7B8 /* SaleEntity.swift */ = {isa = PBXFileReference; lastKnownFileType = sourcecode.swift; path = SaleEntity.swift; sourceTree = "<group>"; };
/* End PBXFileReference section */

/* Begin PBXFrameworksBuildPhase section */
		A43BF9AD2A741E3C00DCF7B8 /* Frameworks */ = {
			isa = PBXFrameworksBuildPhase;
			buildActionMask = 2147483647;
			files = (
				A43BF9F82A7650AE00DCF7B8 /* SnapKit in Frameworks */,
				A43BF9FB2A7650B700DCF7B8 /* Then in Frameworks */,
			);
			runOnlyForDeploymentPostprocessing = 0;
		};
/* End PBXFrameworksBuildPhase section */

/* Begin PBXGroup section */
		A43BF9A72A741E3C00DCF7B8 = {
			isa = PBXGroup;
			children = (
				A43BF9B22A741E3C00DCF7B8 /* MarketKurly-iOS */,
				A43BF9B12A741E3C00DCF7B8 /* Products */,
			);
			sourceTree = "<group>";
		};
		A43BF9B12A741E3C00DCF7B8 /* Products */ = {
			isa = PBXGroup;
			children = (
				A43BF9B02A741E3C00DCF7B8 /* MarketKurly-iOS.app */,
			);
			name = Products;
			sourceTree = "<group>";
		};
		A43BF9B22A741E3C00DCF7B8 /* MarketKurly-iOS */ = {
			isa = PBXGroup;
			children = (
				A43BF9CA2A76437F00DCF7B8 /* Application */,
				A43BF9C92A76437400DCF7B8 /* Global */,
				A43BF9C82A76434000DCF7B8 /* Network */,
				A43BF9C72A76433500DCF7B8 /* Presentation */,
				A43BF9B72A741E3C00DCF7B8 /* ViewController.swift */,
				A43BF9B92A741E3C00DCF7B8 /* Main.storyboard */,
				A43BF9C12A741E3D00DCF7B8 /* Info.plist */,
			);
			path = "MarketKurly-iOS";
			sourceTree = "<group>";
		};
		A43BF9C72A76433500DCF7B8 /* Presentation */ = {
			isa = PBXGroup;
			children = (
				A43BF9FE2A77C0CC00DCF7B8 /* Common */,
				A43BF9D22A76449200DCF7B8 /* HomeScene */,
				A43BF9D12A76448C00DCF7B8 /* DetailScene */,
				A43BF9D02A76447400DCF7B8 /* SearchScene */,
			);
			path = Presentation;
			sourceTree = "<group>";
		};
		A43BF9C82A76434000DCF7B8 /* Network */ = {
			isa = PBXGroup;
			children = (
				A43BF9E62A76466100DCF7B8 /* Entity */,
			);
			path = Network;
			sourceTree = "<group>";
		};
		A43BF9C92A76437400DCF7B8 /* Global */ = {
			isa = PBXGroup;
			children = (
				A43BF9CC2A76441700DCF7B8 /* Resources */,
				A43BF9CF2A76443700DCF7B8 /* Extension */,
				A43BF9CE2A76442D00DCF7B8 /* Literals */,
				A43BF9CD2A76442400DCF7B8 /* Protocols */,
				A43BF9CB2A7643F300DCF7B8 /* SupportingFiles */,
			);
			path = Global;
			sourceTree = "<group>";
		};
		A43BF9CA2A76437F00DCF7B8 /* Application */ = {
			isa = PBXGroup;
			children = (
				A43BF9B32A741E3C00DCF7B8 /* AppDelegate.swift */,
				A43BF9B52A741E3C00DCF7B8 /* SceneDelegate.swift */,
			);
			path = Application;
			sourceTree = "<group>";
		};
		A43BF9CB2A7643F300DCF7B8 /* SupportingFiles */ = {
			isa = PBXGroup;
			children = (
				A43BF9BE2A741E3D00DCF7B8 /* LaunchScreen.storyboard */,
			);
			path = SupportingFiles;
			sourceTree = "<group>";
		};
		A43BF9CC2A76441700DCF7B8 /* Resources */ = {
			isa = PBXGroup;
			children = (
				A43BF9BC2A741E3D00DCF7B8 /* Assets.xcassets */,
				A43BF9D32A7644D800DCF7B8 /* Font */,
			);
			path = Resources;
			sourceTree = "<group>";
		};
		A43BF9CD2A76442400DCF7B8 /* Protocols */ = {
			isa = PBXGroup;
			children = (
				A43BF9D82A7645C600DCF7B8 /* UICollectionViewRegisterable.swift */,
				A43BF9DA2A7645D100DCF7B8 /* UITableViewRegiseterable.swift */,
			);
			path = Protocols;
			sourceTree = "<group>";
		};
		A43BF9CE2A76442D00DCF7B8 /* Literals */ = {
			isa = PBXGroup;
			children = (
				A43BF9D62A7645AC00DCF7B8 /* ImageLiterals.swift */,
				A43BFA042A77C48900DCF7B8 /* ColorLiterals.swift */,
				A43BFA262A7813DF00DCF7B8 /* SizeLiterals.swift */,
			);
			path = Literals;
			sourceTree = "<group>";
		};
		A43BF9CF2A76443700DCF7B8 /* Extension */ = {
			isa = PBXGroup;
			children = (
				A43BF9D42A7645A200DCF7B8 /* UIView+.swift */,
				A43BF9FC2A77BC1B00DCF7B8 /* NSObject+.swift */,
				A43BFA062A77C4FF00DCF7B8 /* UIColor+.swift */,
				A43BFA0D2A77C81B00DCF7B8 /* UIImage+.swift */,
				A43BFA4B2A7966CB00DCF7B8 /* String+.swift */,
				A43BFA5C2A7E2D6C00DCF7B8 /* Int+.swift */,
			);
			path = Extension;
			sourceTree = "<group>";
		};
		A43BF9D02A76447400DCF7B8 /* SearchScene */ = {
			isa = PBXGroup;
			children = (
				A43BFA292A78160B00DCF7B8 /* View */,
				A43BFA282A78160400DCF7B8 /* ViewController */,
				A43BF9E42A76464700DCF7B8 /* Search.swift */,
			);
			path = SearchScene;
			sourceTree = "<group>";
		};
		A43BF9D12A76448C00DCF7B8 /* DetailScene */ = {
			isa = PBXGroup;
			children = (
				A43BFA2D2A781AE500DCF7B8 /* View */,
				A43BFA2C2A781ADE00DCF7B8 /* ViewController */,
				A43BF9E22A76464000DCF7B8 /* Detail.swift */,
			);
			path = DetailScene;
			sourceTree = "<group>";
		};
		A43BF9D22A76449200DCF7B8 /* HomeScene */ = {
			isa = PBXGroup;
			children = (
				A43BFA252A780BC400DCF7B8 /* View */,
				A43BFA242A780BBE00DCF7B8 /* ViewController */,
				A43BFA342A79568900DCF7B8 /* Recommend */,
				A43BFA382A7956AE00DCF7B8 /* NewItem */,
				A43BFA372A7956A500DCF7B8 /* BestItem */,
				A43BFA362A79569D00DCF7B8 /* Shopping */,
				A43BFA352A79569400DCF7B8 /* Benefit */,
				A43BF9E02A76463B00DCF7B8 /* Home.swift */,
			);
			path = HomeScene;
			sourceTree = "<group>";
		};
		A43BF9D32A7644D800DCF7B8 /* Font */ = {
			isa = PBXGroup;
			children = (
				A43BF9DC2A76460D00DCF7B8 /* Font.swift */,
			);
			path = Font;
			sourceTree = "<group>";
		};
		A43BF9E62A76466100DCF7B8 /* Entity */ = {
			isa = PBXGroup;
			children = (
				A43BF9E92A76469E00DCF7B8 /* Home */,
				A43BF9E82A76469900DCF7B8 /* Detail */,
				A43BF9E72A76468F00DCF7B8 /* Search */,
			);
			path = Entity;
			sourceTree = "<group>";
		};
		A43BF9E72A76468F00DCF7B8 /* Search */ = {
			isa = PBXGroup;
			children = (
				A43BF9EE2A7646B800DCF7B8 /* SearchEntity.swift */,
			);
			path = Search;
			sourceTree = "<group>";
		};
		A43BF9E82A76469900DCF7B8 /* Detail */ = {
			isa = PBXGroup;
			children = (
				A43BF9EC2A7646B000DCF7B8 /* DetailEntity.swift */,
			);
			path = Detail;
			sourceTree = "<group>";
		};
		A43BF9E92A76469E00DCF7B8 /* Home */ = {
			isa = PBXGroup;
			children = (
				A43BF9EA2A7646A900DCF7B8 /* HomeEntity.swift */,
				A43BFA642A7E4D7F00DCF7B8 /* SaleEntity.swift */,
			);
			path = Home;
			sourceTree = "<group>";
		};
		A43BF9FE2A77C0CC00DCF7B8 /* Common */ = {
			isa = PBXGroup;
			children = (
				A43BFA1F2A78021C00DCF7B8 /* NavigationBar */,
				A43BF9FF2A77C11100DCF7B8 /* TabBar */,
				A43BFA462A79593B00DCF7B8 /* HomeMenu */,
			);
			path = Common;
			sourceTree = "<group>";
		};
		A43BF9FF2A77C11100DCF7B8 /* TabBar */ = {
			isa = PBXGroup;
			children = (
				A43BFA322A78BED000DCF7B8 /* TabBarItem.swift */,
				A43BFA022A77C14E00DCF7B8 /* TabBarController.swift */,
			);
			path = TabBar;
			sourceTree = "<group>";
		};
		A43BFA1F2A78021C00DCF7B8 /* NavigationBar */ = {
			isa = PBXGroup;
			children = (
				A43BFA202A78025600DCF7B8 /* CustomNavigationBar.swift */,
			);
			path = NavigationBar;
			sourceTree = "<group>";
		};
		A43BFA242A780BBE00DCF7B8 /* ViewController */ = {
			isa = PBXGroup;
			children = (
				A43BFA082A77C6B700DCF7B8 /* HomeViewController.swift */,
			);
			path = ViewController;
			sourceTree = "<group>";
		};
		A43BFA252A780BC400DCF7B8 /* View */ = {
			isa = PBXGroup;
			children = (
				A43BFA222A780BBB00DCF7B8 /* HomeView.swift */,
			);
			path = View;
			sourceTree = "<group>";
		};
		A43BFA282A78160400DCF7B8 /* ViewController */ = {
			isa = PBXGroup;
			children = (
				A43BFA0B2A77C6E300DCF7B8 /* SearchViewController.swift */,
			);
			path = ViewController;
			sourceTree = "<group>";
		};
		A43BFA292A78160B00DCF7B8 /* View */ = {
			isa = PBXGroup;
			children = (
				A43BFA2A2A78161200DCF7B8 /* SearchView.swift */,
			);
			path = View;
			sourceTree = "<group>";
		};
		A43BFA2C2A781ADE00DCF7B8 /* ViewController */ = {
			isa = PBXGroup;
			children = (
				A43BFA302A781AFE00DCF7B8 /* DetailViewController.swift */,
			);
			path = ViewController;
			sourceTree = "<group>";
		};
		A43BFA2D2A781AE500DCF7B8 /* View */ = {
			isa = PBXGroup;
			children = (
				A43BFA2E2A781AF000DCF7B8 /* DetailView.swift */,
			);
			path = View;
			sourceTree = "<group>";
		};
		A43BFA342A79568900DCF7B8 /* Recommend */ = {
			isa = PBXGroup;
			children = (
				A43BFA512A7BA11100DCF7B8 /* Cell */,
				A43BFA4E2A7BA0FA00DCF7B8 /* View */,
				A43BFA502A7BA10600DCF7B8 /* ViewController */,
			);
			path = Recommend;
			sourceTree = "<group>";
		};
		A43BFA352A79569400DCF7B8 /* Benefit */ = {
			isa = PBXGroup;
			children = (
				A43BFA422A79571A00DCF7B8 /* BenefitViewController.swift */,
			);
			path = Benefit;
			sourceTree = "<group>";
		};
		A43BFA362A79569D00DCF7B8 /* Shopping */ = {
			isa = PBXGroup;
			children = (
				A43BFA402A7956F700DCF7B8 /* ShoppingViewController.swift */,
			);
			path = Shopping;
			sourceTree = "<group>";
		};
		A43BFA372A7956A500DCF7B8 /* BestItem */ = {
			isa = PBXGroup;
			children = (
				A43BFA3E2A7956ED00DCF7B8 /* BestItemViewController.swift */,
			);
			path = BestItem;
			sourceTree = "<group>";
		};
		A43BFA382A7956AE00DCF7B8 /* NewItem */ = {
			isa = PBXGroup;
			children = (
				A43BFA3C2A7956DD00DCF7B8 /* NewItemViewController.swift */,
			);
			path = NewItem;
			sourceTree = "<group>";
		};
		A43BFA462A79593B00DCF7B8 /* HomeMenu */ = {
			isa = PBXGroup;
			children = (
				A43BFA442A7958C700DCF7B8 /* HomeMenu.swift */,
				A43BFA472A79594E00DCF7B8 /* HomeMenuItem.swift */,
				A43BFA492A795C4900DCF7B8 /* HomeMenuCollectionViewCell.swift */,
			);
			path = HomeMenu;
			sourceTree = "<group>";
		};
		A43BFA4E2A7BA0FA00DCF7B8 /* View */ = {
			isa = PBXGroup;
			children = (
				A43BFA522A7BA12300DCF7B8 /* RecommendView.swift */,
			);
			path = View;
			sourceTree = "<group>";
		};
		A43BFA502A7BA10600DCF7B8 /* ViewController */ = {
			isa = PBXGroup;
			children = (
				A43BFA3A2A7956D300DCF7B8 /* RecommendViewController.swift */,
			);
			path = ViewController;
			sourceTree = "<group>";
		};
		A43BFA512A7BA11100DCF7B8 /* Cell */ = {
			isa = PBXGroup;
			children = (
				A43BFA562A7BFBFB00DCF7B8 /* MainBannerCollectionViewCell.swift */,
				A43BFA582A7C0C2E00DCF7B8 /* RecommendCollectionViewCell.swift */,
				A43BFA5E2A7E30D900DCF7B8 /* HeaderCollectionReusableView.swift */,
				A43BFA602A7E446800DCF7B8 /* SmallBannerCollectionViewCell.swift */,
				A43BFA622A7E4BDB00DCF7B8 /* SaleCollectionViewCell.swift */,
			);
			path = Cell;
			sourceTree = "<group>";
		};
/* End PBXGroup section */

/* Begin PBXNativeTarget section */
		A43BF9AF2A741E3C00DCF7B8 /* MarketKurly-iOS */ = {
			isa = PBXNativeTarget;
			buildConfigurationList = A43BF9C42A741E3D00DCF7B8 /* Build configuration list for PBXNativeTarget "MarketKurly-iOS" */;
			buildPhases = (
				A43BF9AC2A741E3C00DCF7B8 /* Sources */,
				A43BF9AD2A741E3C00DCF7B8 /* Frameworks */,
				A43BF9AE2A741E3C00DCF7B8 /* Resources */,
			);
			buildRules = (
			);
			dependencies = (
			);
			name = "MarketKurly-iOS";
			packageProductDependencies = (
				A43BF9F72A7650AE00DCF7B8 /* SnapKit */,
				A43BF9FA2A7650B700DCF7B8 /* Then */,
			);
			productName = "MarketKurly-iOS";
			productReference = A43BF9B02A741E3C00DCF7B8 /* MarketKurly-iOS.app */;
			productType = "com.apple.product-type.application";
		};
/* End PBXNativeTarget section */

/* Begin PBXProject section */
		A43BF9A82A741E3C00DCF7B8 /* Project object */ = {
			isa = PBXProject;
			attributes = {
				BuildIndependentTargetsInParallel = 1;
				LastSwiftUpdateCheck = 1430;
				LastUpgradeCheck = 1430;
				TargetAttributes = {
					A43BF9AF2A741E3C00DCF7B8 = {
						CreatedOnToolsVersion = 14.3;
					};
				};
			};
			buildConfigurationList = A43BF9AB2A741E3C00DCF7B8 /* Build configuration list for PBXProject "MarketKurly-iOS" */;
			compatibilityVersion = "Xcode 14.0";
			developmentRegion = en;
			hasScannedForEncodings = 0;
			knownRegions = (
				en,
				Base,
			);
			mainGroup = A43BF9A72A741E3C00DCF7B8;
			packageReferences = (
				A43BF9F62A7650AE00DCF7B8 /* XCRemoteSwiftPackageReference "SnapKit" */,
				A43BF9F92A7650B700DCF7B8 /* XCRemoteSwiftPackageReference "Then" */,
			);
			productRefGroup = A43BF9B12A741E3C00DCF7B8 /* Products */;
			projectDirPath = "";
			projectRoot = "";
			targets = (
				A43BF9AF2A741E3C00DCF7B8 /* MarketKurly-iOS */,
			);
		};
/* End PBXProject section */

/* Begin PBXResourcesBuildPhase section */
		A43BF9AE2A741E3C00DCF7B8 /* Resources */ = {
			isa = PBXResourcesBuildPhase;
			buildActionMask = 2147483647;
			files = (
				A43BF9C02A741E3D00DCF7B8 /* LaunchScreen.storyboard in Resources */,
				A43BF9BD2A741E3D00DCF7B8 /* Assets.xcassets in Resources */,
				A43BF9BB2A741E3C00DCF7B8 /* Main.storyboard in Resources */,
			);
			runOnlyForDeploymentPostprocessing = 0;
		};
/* End PBXResourcesBuildPhase section */

/* Begin PBXSourcesBuildPhase section */
		A43BF9AC2A741E3C00DCF7B8 /* Sources */ = {
			isa = PBXSourcesBuildPhase;
			buildActionMask = 2147483647;
			files = (
				A43BFA212A78025600DCF7B8 /* CustomNavigationBar.swift in Sources */,
				A43BF9E52A76464700DCF7B8 /* Search.swift in Sources */,
				A43BFA452A7958C700DCF7B8 /* HomeMenu.swift in Sources */,
				A43BFA532A7BA12300DCF7B8 /* RecommendView.swift in Sources */,
				A43BFA3D2A7956DD00DCF7B8 /* NewItemViewController.swift in Sources */,
				A43BFA032A77C14E00DCF7B8 /* TabBarController.swift in Sources */,
				A43BFA4C2A7966CB00DCF7B8 /* String+.swift in Sources */,
				A43BFA482A79594E00DCF7B8 /* HomeMenuItem.swift in Sources */,
				A43BFA3B2A7956D300DCF7B8 /* RecommendViewController.swift in Sources */,
				A43BFA3F2A7956ED00DCF7B8 /* BestItemViewController.swift in Sources */,
				A43BFA652A7E4D7F00DCF7B8 /* SaleEntity.swift in Sources */,
				A43BFA5D2A7E2D6C00DCF7B8 /* Int+.swift in Sources */,
				A43BFA092A77C6B700DCF7B8 /* HomeViewController.swift in Sources */,
				A43BF9EB2A7646A900DCF7B8 /* HomeEntity.swift in Sources */,
				A43BF9D52A7645A200DCF7B8 /* UIView+.swift in Sources */,
				A43BF9DB2A7645D100DCF7B8 /* UITableViewRegiseterable.swift in Sources */,
				A43BFA4A2A795C4900DCF7B8 /* HomeMenuCollectionViewCell.swift in Sources */,
				A43BFA2F2A781AF000DCF7B8 /* DetailView.swift in Sources */,
				A43BF9B82A741E3C00DCF7B8 /* ViewController.swift in Sources */,
				A43BFA312A781AFE00DCF7B8 /* DetailViewController.swift in Sources */,
				A43BFA272A7813DF00DCF7B8 /* SizeLiterals.swift in Sources */,
				A43BF9ED2A7646B000DCF7B8 /* DetailEntity.swift in Sources */,
				A43BF9EF2A7646B800DCF7B8 /* SearchEntity.swift in Sources */,
				A43BFA052A77C48900DCF7B8 /* ColorLiterals.swift in Sources */,
				A43BFA0C2A77C6E300DCF7B8 /* SearchViewController.swift in Sources */,
				A43BF9B42A741E3C00DCF7B8 /* AppDelegate.swift in Sources */,
				A43BF9E12A76463B00DCF7B8 /* Home.swift in Sources */,
				A43BFA2B2A78161200DCF7B8 /* SearchView.swift in Sources */,
				A43BFA632A7E4BDB00DCF7B8 /* SaleCollectionViewCell.swift in Sources */,
				A43BFA332A78BED000DCF7B8 /* TabBarItem.swift in Sources */,
				A43BFA612A7E446800DCF7B8 /* SmallBannerCollectionViewCell.swift in Sources */,
				A43BFA5F2A7E30D900DCF7B8 /* HeaderCollectionReusableView.swift in Sources */,
				A43BF9DD2A76460D00DCF7B8 /* Font.swift in Sources */,
				A43BF9FD2A77BC1B00DCF7B8 /* NSObject+.swift in Sources */,
				A43BFA0E2A77C81B00DCF7B8 /* UIImage+.swift in Sources */,
				A43BF9E32A76464000DCF7B8 /* Detail.swift in Sources */,
				A43BFA592A7C0C2E00DCF7B8 /* RecommendCollectionViewCell.swift in Sources */,
				A43BF9D92A7645C600DCF7B8 /* UICollectionViewRegisterable.swift in Sources */,
				A43BF9B62A741E3C00DCF7B8 /* SceneDelegate.swift in Sources */,
				A43BF9D72A7645AC00DCF7B8 /* ImageLiterals.swift in Sources */,
				A43BFA572A7BFBFB00DCF7B8 /* MainBannerCollectionViewCell.swift in Sources */,
				A43BFA232A780BBB00DCF7B8 /* HomeView.swift in Sources */,
				A43BFA412A7956F700DCF7B8 /* ShoppingViewController.swift in Sources */,
				A43BFA072A77C4FF00DCF7B8 /* UIColor+.swift in Sources */,
				A43BFA432A79571A00DCF7B8 /* BenefitViewController.swift in Sources */,
			);
			runOnlyForDeploymentPostprocessing = 0;
		};
/* End PBXSourcesBuildPhase section */

/* Begin PBXVariantGroup section */
		A43BF9B92A741E3C00DCF7B8 /* Main.storyboard */ = {
			isa = PBXVariantGroup;
			children = (
				A43BF9BA2A741E3C00DCF7B8 /* Base */,
			);
			name = Main.storyboard;
			sourceTree = "<group>";
		};
		A43BF9BE2A741E3D00DCF7B8 /* LaunchScreen.storyboard */ = {
			isa = PBXVariantGroup;
			children = (
				A43BF9BF2A741E3D00DCF7B8 /* Base */,
			);
			name = LaunchScreen.storyboard;
			sourceTree = "<group>";
		};
/* End PBXVariantGroup section */

/* Begin XCBuildConfiguration section */
		A43BF9C22A741E3D00DCF7B8 /* Debug */ = {
			isa = XCBuildConfiguration;
			buildSettings = {
				ALWAYS_SEARCH_USER_PATHS = NO;
				CLANG_ANALYZER_NONNULL = YES;
				CLANG_ANALYZER_NUMBER_OBJECT_CONVERSION = YES_AGGRESSIVE;
				CLANG_CXX_LANGUAGE_STANDARD = "gnu++20";
				CLANG_ENABLE_MODULES = YES;
				CLANG_ENABLE_OBJC_ARC = YES;
				CLANG_ENABLE_OBJC_WEAK = YES;
				CLANG_WARN_BLOCK_CAPTURE_AUTORELEASING = YES;
				CLANG_WARN_BOOL_CONVERSION = YES;
				CLANG_WARN_COMMA = YES;
				CLANG_WARN_CONSTANT_CONVERSION = YES;
				CLANG_WARN_DEPRECATED_OBJC_IMPLEMENTATIONS = YES;
				CLANG_WARN_DIRECT_OBJC_ISA_USAGE = YES_ERROR;
				CLANG_WARN_DOCUMENTATION_COMMENTS = YES;
				CLANG_WARN_EMPTY_BODY = YES;
				CLANG_WARN_ENUM_CONVERSION = YES;
				CLANG_WARN_INFINITE_RECURSION = YES;
				CLANG_WARN_INT_CONVERSION = YES;
				CLANG_WARN_NON_LITERAL_NULL_CONVERSION = YES;
				CLANG_WARN_OBJC_IMPLICIT_RETAIN_SELF = YES;
				CLANG_WARN_OBJC_LITERAL_CONVERSION = YES;
				CLANG_WARN_OBJC_ROOT_CLASS = YES_ERROR;
				CLANG_WARN_QUOTED_INCLUDE_IN_FRAMEWORK_HEADER = YES;
				CLANG_WARN_RANGE_LOOP_ANALYSIS = YES;
				CLANG_WARN_STRICT_PROTOTYPES = YES;
				CLANG_WARN_SUSPICIOUS_MOVE = YES;
				CLANG_WARN_UNGUARDED_AVAILABILITY = YES_AGGRESSIVE;
				CLANG_WARN_UNREACHABLE_CODE = YES;
				CLANG_WARN__DUPLICATE_METHOD_MATCH = YES;
				COPY_PHASE_STRIP = NO;
				DEBUG_INFORMATION_FORMAT = dwarf;
				ENABLE_STRICT_OBJC_MSGSEND = YES;
				ENABLE_TESTABILITY = YES;
				GCC_C_LANGUAGE_STANDARD = gnu11;
				GCC_DYNAMIC_NO_PIC = NO;
				GCC_NO_COMMON_BLOCKS = YES;
				GCC_OPTIMIZATION_LEVEL = 0;
				GCC_PREPROCESSOR_DEFINITIONS = (
					"DEBUG=1",
					"$(inherited)",
				);
				GCC_WARN_64_TO_32_BIT_CONVERSION = YES;
				GCC_WARN_ABOUT_RETURN_TYPE = YES_ERROR;
				GCC_WARN_UNDECLARED_SELECTOR = YES;
				GCC_WARN_UNINITIALIZED_AUTOS = YES_AGGRESSIVE;
				GCC_WARN_UNUSED_FUNCTION = YES;
				GCC_WARN_UNUSED_VARIABLE = YES;
				IPHONEOS_DEPLOYMENT_TARGET = 16.4;
				MTL_ENABLE_DEBUG_INFO = INCLUDE_SOURCE;
				MTL_FAST_MATH = YES;
				ONLY_ACTIVE_ARCH = YES;
				SDKROOT = iphoneos;
				SWIFT_ACTIVE_COMPILATION_CONDITIONS = DEBUG;
				SWIFT_OPTIMIZATION_LEVEL = "-Onone";
			};
			name = Debug;
		};
		A43BF9C32A741E3D00DCF7B8 /* Release */ = {
			isa = XCBuildConfiguration;
			buildSettings = {
				ALWAYS_SEARCH_USER_PATHS = NO;
				CLANG_ANALYZER_NONNULL = YES;
				CLANG_ANALYZER_NUMBER_OBJECT_CONVERSION = YES_AGGRESSIVE;
				CLANG_CXX_LANGUAGE_STANDARD = "gnu++20";
				CLANG_ENABLE_MODULES = YES;
				CLANG_ENABLE_OBJC_ARC = YES;
				CLANG_ENABLE_OBJC_WEAK = YES;
				CLANG_WARN_BLOCK_CAPTURE_AUTORELEASING = YES;
				CLANG_WARN_BOOL_CONVERSION = YES;
				CLANG_WARN_COMMA = YES;
				CLANG_WARN_CONSTANT_CONVERSION = YES;
				CLANG_WARN_DEPRECATED_OBJC_IMPLEMENTATIONS = YES;
				CLANG_WARN_DIRECT_OBJC_ISA_USAGE = YES_ERROR;
				CLANG_WARN_DOCUMENTATION_COMMENTS = YES;
				CLANG_WARN_EMPTY_BODY = YES;
				CLANG_WARN_ENUM_CONVERSION = YES;
				CLANG_WARN_INFINITE_RECURSION = YES;
				CLANG_WARN_INT_CONVERSION = YES;
				CLANG_WARN_NON_LITERAL_NULL_CONVERSION = YES;
				CLANG_WARN_OBJC_IMPLICIT_RETAIN_SELF = YES;
				CLANG_WARN_OBJC_LITERAL_CONVERSION = YES;
				CLANG_WARN_OBJC_ROOT_CLASS = YES_ERROR;
				CLANG_WARN_QUOTED_INCLUDE_IN_FRAMEWORK_HEADER = YES;
				CLANG_WARN_RANGE_LOOP_ANALYSIS = YES;
				CLANG_WARN_STRICT_PROTOTYPES = YES;
				CLANG_WARN_SUSPICIOUS_MOVE = YES;
				CLANG_WARN_UNGUARDED_AVAILABILITY = YES_AGGRESSIVE;
				CLANG_WARN_UNREACHABLE_CODE = YES;
				CLANG_WARN__DUPLICATE_METHOD_MATCH = YES;
				COPY_PHASE_STRIP = NO;
				DEBUG_INFORMATION_FORMAT = "dwarf-with-dsym";
				ENABLE_NS_ASSERTIONS = NO;
				ENABLE_STRICT_OBJC_MSGSEND = YES;
				GCC_C_LANGUAGE_STANDARD = gnu11;
				GCC_NO_COMMON_BLOCKS = YES;
				GCC_WARN_64_TO_32_BIT_CONVERSION = YES;
				GCC_WARN_ABOUT_RETURN_TYPE = YES_ERROR;
				GCC_WARN_UNDECLARED_SELECTOR = YES;
				GCC_WARN_UNINITIALIZED_AUTOS = YES_AGGRESSIVE;
				GCC_WARN_UNUSED_FUNCTION = YES;
				GCC_WARN_UNUSED_VARIABLE = YES;
				IPHONEOS_DEPLOYMENT_TARGET = 16.4;
				MTL_ENABLE_DEBUG_INFO = NO;
				MTL_FAST_MATH = YES;
				SDKROOT = iphoneos;
				SWIFT_COMPILATION_MODE = wholemodule;
				SWIFT_OPTIMIZATION_LEVEL = "-O";
				VALIDATE_PRODUCT = YES;
			};
			name = Release;
		};
		A43BF9C52A741E3D00DCF7B8 /* Debug */ = {
			isa = XCBuildConfiguration;
			buildSettings = {
				ASSETCATALOG_COMPILER_APPICON_NAME = AppIcon;
				ASSETCATALOG_COMPILER_GLOBAL_ACCENT_COLOR_NAME = AccentColor;
				CODE_SIGN_STYLE = Automatic;
				CURRENT_PROJECT_VERSION = 1;
				DEVELOPMENT_TEAM = XGXWL95BMU;
				GENERATE_INFOPLIST_FILE = YES;
				INFOPLIST_FILE = "MarketKurly-iOS/Info.plist";
				INFOPLIST_KEY_UIApplicationSupportsIndirectInputEvents = YES;
				INFOPLIST_KEY_UILaunchStoryboardName = LaunchScreen;
				INFOPLIST_KEY_UIMainStoryboardFile = Main;
				INFOPLIST_KEY_UISupportedInterfaceOrientations_iPad = "UIInterfaceOrientationPortrait UIInterfaceOrientationPortraitUpsideDown UIInterfaceOrientationLandscapeLeft UIInterfaceOrientationLandscapeRight";
				INFOPLIST_KEY_UISupportedInterfaceOrientations_iPhone = "UIInterfaceOrientationPortrait UIInterfaceOrientationLandscapeLeft UIInterfaceOrientationLandscapeRight";
				LD_RUNPATH_SEARCH_PATHS = (
					"$(inherited)",
					"@executable_path/Frameworks",
				);
				MARKETING_VERSION = 1.0;
				PRODUCT_BUNDLE_IDENTIFIER = "ahra.MarketKurly-iOS";
				PRODUCT_NAME = "$(TARGET_NAME)";
				SWIFT_EMIT_LOC_STRINGS = YES;
				SWIFT_VERSION = 5.0;
				TARGETED_DEVICE_FAMILY = "1,2";
			};
			name = Debug;
		};
		A43BF9C62A741E3D00DCF7B8 /* Release */ = {
			isa = XCBuildConfiguration;
			buildSettings = {
				ASSETCATALOG_COMPILER_APPICON_NAME = AppIcon;
				ASSETCATALOG_COMPILER_GLOBAL_ACCENT_COLOR_NAME = AccentColor;
				CODE_SIGN_STYLE = Automatic;
				CURRENT_PROJECT_VERSION = 1;
				DEVELOPMENT_TEAM = XGXWL95BMU;
				GENERATE_INFOPLIST_FILE = YES;
				INFOPLIST_FILE = "MarketKurly-iOS/Info.plist";
				INFOPLIST_KEY_UIApplicationSupportsIndirectInputEvents = YES;
				INFOPLIST_KEY_UILaunchStoryboardName = LaunchScreen;
				INFOPLIST_KEY_UIMainStoryboardFile = Main;
				INFOPLIST_KEY_UISupportedInterfaceOrientations_iPad = "UIInterfaceOrientationPortrait UIInterfaceOrientationPortraitUpsideDown UIInterfaceOrientationLandscapeLeft UIInterfaceOrientationLandscapeRight";
				INFOPLIST_KEY_UISupportedInterfaceOrientations_iPhone = "UIInterfaceOrientationPortrait UIInterfaceOrientationLandscapeLeft UIInterfaceOrientationLandscapeRight";
				LD_RUNPATH_SEARCH_PATHS = (
					"$(inherited)",
					"@executable_path/Frameworks",
				);
				MARKETING_VERSION = 1.0;
				PRODUCT_BUNDLE_IDENTIFIER = "ahra.MarketKurly-iOS";
				PRODUCT_NAME = "$(TARGET_NAME)";
				SWIFT_EMIT_LOC_STRINGS = YES;
				SWIFT_VERSION = 5.0;
				TARGETED_DEVICE_FAMILY = "1,2";
			};
			name = Release;
		};
/* End XCBuildConfiguration section */

/* Begin XCConfigurationList section */
		A43BF9AB2A741E3C00DCF7B8 /* Build configuration list for PBXProject "MarketKurly-iOS" */ = {
			isa = XCConfigurationList;
			buildConfigurations = (
				A43BF9C22A741E3D00DCF7B8 /* Debug */,
				A43BF9C32A741E3D00DCF7B8 /* Release */,
			);
			defaultConfigurationIsVisible = 0;
			defaultConfigurationName = Release;
		};
		A43BF9C42A741E3D00DCF7B8 /* Build configuration list for PBXNativeTarget "MarketKurly-iOS" */ = {
			isa = XCConfigurationList;
			buildConfigurations = (
				A43BF9C52A741E3D00DCF7B8 /* Debug */,
				A43BF9C62A741E3D00DCF7B8 /* Release */,
			);
			defaultConfigurationIsVisible = 0;
			defaultConfigurationName = Release;
		};
/* End XCConfigurationList section */

/* Begin XCRemoteSwiftPackageReference section */
		A43BF9F62A7650AE00DCF7B8 /* XCRemoteSwiftPackageReference "SnapKit" */ = {
			isa = XCRemoteSwiftPackageReference;
			repositoryURL = "https://github.com/SnapKit/SnapKit.git";
			requirement = {
				kind = upToNextMajorVersion;
				minimumVersion = 5.0.0;
			};
		};
		A43BF9F92A7650B700DCF7B8 /* XCRemoteSwiftPackageReference "Then" */ = {
			isa = XCRemoteSwiftPackageReference;
			repositoryURL = "https://github.com/devxoul/Then.git";
			requirement = {
				kind = upToNextMajorVersion;
				minimumVersion = 3.0.0;
			};
		};
/* End XCRemoteSwiftPackageReference section */

/* Begin XCSwiftPackageProductDependency section */
		A43BF9F72A7650AE00DCF7B8 /* SnapKit */ = {
			isa = XCSwiftPackageProductDependency;
			package = A43BF9F62A7650AE00DCF7B8 /* XCRemoteSwiftPackageReference "SnapKit" */;
			productName = SnapKit;
		};
		A43BF9FA2A7650B700DCF7B8 /* Then */ = {
			isa = XCSwiftPackageProductDependency;
			package = A43BF9F92A7650B700DCF7B8 /* XCRemoteSwiftPackageReference "Then" */;
			productName = Then;
		};
/* End XCSwiftPackageProductDependency section */
	};
	rootObject = A43BF9A82A741E3C00DCF7B8 /* Project object */;
}
